{
  "name": "dds-tools",
  "version": "1.0.0",
  "lockfileVersion": 3,
  "requires": true,
  "packages": {
    "": {
      "name": "dds-tools",
      "version": "1.0.0",
      "dependencies": {
        "pizzip": "^3.1.6"
      },
      "bin": {
        "dds-render-docx": "render-docx.js",
        "dds-render-md": "render-md.js"
      }
    },
    "node_modules/pako": {
      "version": "2.1.0",
      "resolved": "https://registry.npmjs.org/pako/-/pako-2.1.0.tgz",
      "integrity": "sha512-w+eufiZ1WuJYgPXbV/PO3NCMEc3xqylkKHzp8bxp1uW4qaSNQUkwmLLEc3kKsfz8lpV1F8Ht3U1Cm+9Srog2ug==",
      "license": "(MIT AND Zlib)"
    },
    "node_modules/pizzip": {
      "version": "3.2.0",
      "resolved": "https://registry.npmjs.org/pizzip/-/pizzip-3.2.0.tgz",
      "integrity": "sha512-X4NPNICxCfIK8VYhF6wbksn81vTiziyLbvKuORVAmolvnUzl1A1xmz9DAWKxPRq9lZg84pJOOAMq3OE61bD8IQ==",
      "license": "(MIT OR GPL-3.0)",
      "dependencies": {
        "pako": "^2.1.0"
      }
    }
  }
}
